
Microsoft Visual Studio Solution File, Format Version 12.00
# Visual Studio 15
VisualStudioVersion = 15.0.27703.2047
MinimumVisualStudioVersion = 10.0.40219.1
Project("{FAE04EC0-301F-11D3-BF4B-00C04F79EFBC}") = "ServiceSapProcedure", "ServiceSapProcedure\ServiceSapProcedure.csproj", "{F9D54322-BB2D-4EB4-8E90-9BFD46ED1C10}"
EndProject
Project("{FAE04EC0-301F-11D3-BF4B-00C04F79EFBC}") = "DataAccess", "DataAccess\DataAccess.csproj", "{1FE391E3-1E82-4CC5-9CC0-0778B6139322}"
EndProject
Global
	GlobalSection(SolutionConfigurationPlatforms) = preSolution
		Debug|Any CPU = Debug|Any CPU
		Release|Any CPU = Release|Any CPU
	EndGlobalSection
	GlobalSection(ProjectConfigurationPlatforms) = postSolution
		{F9D54322-BB2D-4EB4-8E90-9BFD46ED1C10}.Debug|Any CPU.ActiveCfg = Debug|Any CPU
		{F9D54322-BB2D-4EB4-8E90-9BFD46ED1C10}.Debug|Any CPU.Build.0 = Debug|Any CPU
		{F9D54322-BB2D-4EB4-8E90-9BFD46ED1C10}.Release|Any CPU.ActiveCfg = Release|Any CPU
		{F9D54322-BB2D-4EB4-8E90-9BFD46ED1C10}.Release|Any CPU.Build.0 = Release|Any CPU
		{1FE391E3-1E82-4CC5-9CC0-0778B6139322}.Debug|Any CPU.ActiveCfg = Debug|Any CPU
		{1FE391E3-1E82-4CC5-9CC0-0778B6139322}.Debug|Any CPU.Build.0 = Debug|Any CPU
		{1FE391E3-1E82-4CC5-9CC0-0778B6139322}.Release|Any CPU.ActiveCfg = Release|Any CPU
		{1FE391E3-1E82-4CC5-9CC0-0778B6139322}.Release|Any CPU.Build.0 = Release|Any CPU
	EndGlobalSection
	GlobalSection(SolutionProperties) = preSolution
		HideSolutionNode = FALSE
	EndGlobalSection
	GlobalSection(ExtensibilityGlobals) = postSolution
		SolutionGuid = {785F53BA-3B52-44FB-A44A-83A90B478EF6}
	EndGlobalSection
EndGlobal
